{
    "_readme": [
        "This file locks the dependencies of your project to a known state",
        "Read more about it at https://getcomposer.org/doc/01-basic-usage.md#installing-dependencies",
        "This file is @generated automatically"
    ],
    "content-hash": "444f179689813d83bd0bb132a9f73b6f",
    "packages": [
        {
            "name": "aalaap/faker-youtube",
            "version": "2.0.3",
            "source": {
                "type": "git",
                "url": "https://github.com/aalaap/faker-youtube.git",
                "reference": "eff2f96ee3f9a845d23140dd1721b14103b5c4d3"
            },
            "dist": {
                "type": "zip",
                "url": "https://api.github.com/repos/aalaap/faker-youtube/zipball/eff2f96ee3f9a845d23140dd1721b14103b5c4d3",
                "reference": "eff2f96ee3f9a845d23140dd1721b14103b5c4d3",
                "shasum": ""
            },
            "require": {
                "fakerphp/faker": "^1.10",
                "php": "^7.1 || ^8.0"
            },
            "require-dev": {
                "phpunit/phpunit": "^7.5.20 || ^8.5.8 || ^9.4.2"
            },
            "type": "library",
            "autoload": {
                "psr-4": {
                    "Faker\\Provider\\": "src/"
                }
            },
            "notification-url": "https://packagist.org/downloads/",
            "license": [
                "WTFPL"
            ],
            "authors": [
                {
                    "name": "Aalaap Ghag",
                    "email": "aalaap@gmail.com"
                }
            ],
            "description": "Faker provider for generating fake YouTube video URLs",
            "keywords": [
                "faker",
                "provider",
                "youtube"
            ],
            "support": {
                "issues": "https://github.com/aalaap/faker-youtube/issues",
                "source": "https://github.com/aalaap/faker-youtube/tree/2.0.3"
            },
            "time": "2020-11-07T06:43:34+00:00"
        },
        {
            "name": "bluemmb/faker-picsum-photos-provider",
            "version": "v2.0",
            "source": {
                "type": "git",
                "url": "https://github.com/bluemmb/Faker-PicsumPhotos.git",
                "reference": "ba51696f7f2e8ad1e7d45703ad845304b6e66a2d"
            },
            "dist": {
                "type": "zip",
                "url": "https://api.github.com/repos/bluemmb/Faker-PicsumPhotos/zipball/ba51696f7f2e8ad1e7d45703ad845304b6e66a2d",
                "reference": "ba51696f7f2e8ad1e7d45703ad845304b6e66a2d",
                "shasum": ""
            },
            "require": {
                "ext-json": "*",
                "fakerphp/faker": "^1.10",
                "php": "^7.1 || ^8.0"
            },
            "require-dev": {
                "phpunit/phpunit": "^8.0"
            },
            "type": "library",
            "autoload": {
                "psr-4": {
                    "Bluemmb\\Faker\\": "."
                }
            },
            "notification-url": "https://packagist.org/downloads/",
            "license": [
                "MIT"
            ],
            "authors": [
                {
                    "name": "Mohammad Eftekhari",
                    "email": "bluemmb22@gmail.com"
                }
            ],
            "description": "picsum.photos provider for Faker",
            "keywords": [
                "faker",
                "picsum.photos",
                "provider"
            ],
            "support": {
                "issues": "https://github.com/bluemmb/Faker-PicsumPhotos/issues",
                "source": "https://github.com/bluemmb/Faker-PicsumPhotos/tree/v2.0"
            },
            "time": "2021-02-02T13:59:04+00:00"
        },
        {
            "name": "fakerphp/faker",
            "version": "v1.13.0",
            "source": {
                "type": "git",
                "url": "https://github.com/FakerPHP/Faker.git",
                "reference": "ab3f5364d01f2c2c16113442fb987d26e4004913"
            },
            "dist": {
                "type": "zip",
                "url": "https://api.github.com/repos/FakerPHP/Faker/zipball/ab3f5364d01f2c2c16113442fb987d26e4004913",
                "reference": "ab3f5364d01f2c2c16113442fb987d26e4004913",
                "shasum": ""
            },
            "require": {
                "php": "^7.1 || ^8.0"
            },
            "conflict": {
                "fzaninotto/faker": "*"
            },
            "require-dev": {
                "bamarni/composer-bin-plugin": "^1.4.1",
                "ext-intl": "*",
                "phpunit/phpunit": "^7.5.20 || ^8.5.8 || ^9.4.2"
            },
            "type": "library",
            "autoload": {
                "psr-4": {
                    "Faker\\": "src/Faker/"
                }
            },
            "notification-url": "https://packagist.org/downloads/",
            "license": [
                "MIT"
            ],
            "authors": [
                {
                    "name": "François Zaninotto"
                }
            ],
            "description": "Faker is a PHP library that generates fake data for you.",
            "keywords": [
                "data",
                "faker",
                "fixtures"
            ],
            "support": {
                "issues": "https://github.com/FakerPHP/Faker/issues",
                "source": "https://github.com/FakerPHP/Faker/tree/v1.13.0"
            },
            "time": "2020-12-18T16:50:48+00:00"
        }
    ],
    "packages-dev": [],
    "aliases": [],
    "minimum-stability": "stable",
    "stability-flags": [],
    "prefer-stable": false,
    "prefer-lowest": false,
    "platform": {
        "ext-fileinfo": "*"
    },
    "platform-dev": [],
    "plugin-api-version": "2.0.0"
}
